
Microsoft Visual Studio Solution File, Format Version 12.00
# Visual Studio Version 16
VisualStudioVersion = 16.0.29709.97
MinimumVisualStudioVersion = 10.0.40219.1
Project("{9A19103F-16F7-4668-BE54-9A1E7A4F7556}") = "ITLab", "ITLab\ITLab.csproj", "{815F0B24-F55F-498E-B4AD-4648EE4C5BEE}"
EndProject
Project("{FAE04EC0-301F-11D3-BF4B-00C04F79EFBC}") = "ITLab.Tests", "ITLab.Tests\ITLab.Tests.csproj", "{00105056-979F-43FE-9ADE-46FB931E234E}"
EndProject
Global
	GlobalSection(SolutionConfigurationPlatforms) = preSolution
		Debug|Any CPU = Debug|Any CPU
		Release|Any CPU = Release|Any CPU
	EndGlobalSection
	GlobalSection(ProjectConfigurationPlatforms) = postSolution
		{815F0B24-F55F-498E-B4AD-4648EE4C5BEE}.Debug|Any CPU.ActiveCfg = Debug|Any CPU
		{815F0B24-F55F-498E-B4AD-4648EE4C5BEE}.Debug|Any CPU.Build.0 = Debug|Any CPU
		{815F0B24-F55F-498E-B4AD-4648EE4C5BEE}.Release|Any CPU.ActiveCfg = Release|Any CPU
		{815F0B24-F55F-498E-B4AD-4648EE4C5BEE}.Release|Any CPU.Build.0 = Release|Any CPU
		{00105056-979F-43FE-9ADE-46FB931E234E}.Debug|Any CPU.ActiveCfg = Debug|Any CPU
		{00105056-979F-43FE-9ADE-46FB931E234E}.Debug|Any CPU.Build.0 = Debug|Any CPU
		{00105056-979F-43FE-9ADE-46FB931E234E}.Release|Any CPU.ActiveCfg = Release|Any CPU
		{00105056-979F-43FE-9ADE-46FB931E234E}.Release|Any CPU.Build.0 = Release|Any CPU
	EndGlobalSection
	GlobalSection(SolutionProperties) = preSolution
		HideSolutionNode = FALSE
	EndGlobalSection
	GlobalSection(ExtensibilityGlobals) = postSolution
		SolutionGuid = {B6272C7F-1312-438C-8E4C-EE1C73299B56}
	EndGlobalSection
EndGlobal
